Microsoft Visual Studio Solution File, Format Version 12.00
# Visual Studio Version 17
VisualStudioVersion = 17.8.34112.191
MinimumVisualStudioVersion = 10.0.40219.1
Project("{FAE04EC0-301F-11D3-BF4B-00C04F79EFBC}") = "TerrenoVisualisado", "TerrenoVisualisado.csproj", "{4F68882C-BDF9-467F-B5EB-7F68DFB7D063}"
EndProject
Project("{FAE04EC0-301F-11D3-BF4B-00C04F79EFBC}") = "TerrenoVisualisado.Core", "TerrenoVisualisado.Core\\TerrenoVisualisado.Core.csproj", "{8AAFAC45-EAE7-4E1E-9D49-36F77E4470B0}"
EndProject
Project("{FAE04EC0-301F-11D3-BF4B-00C04F79EFBC}") = "TerrenoVisualisado.Gui", "TerrenoVisualisado.Gui\\TerrenoVisualisado.Gui.csproj", "{17764AFE-10FE-489C-AEFA-7DF32050FDA2}"
EndProject
Global
    GlobalSection(SolutionConfigurationPlatforms) = preSolution
        Debug|Any CPU = Debug|Any CPU
        Release|Any CPU = Release|Any CPU
    EndGlobalSection
    GlobalSection(ProjectConfigurationPlatforms) = postSolution
        {4F68882C-BDF9-467F-B5EB-7F68DFB7D063}.Debug|Any CPU.ActiveCfg = Debug|Any CPU
        {4F68882C-BDF9-467F-B5EB-7F68DFB7D063}.Debug|Any CPU.Build.0 = Debug|Any CPU
        {4F68882C-BDF9-467F-B5EB-7F68DFB7D063}.Release|Any CPU.ActiveCfg = Release|Any CPU
        {4F68882C-BDF9-467F-B5EB-7F68DFB7D063}.Release|Any CPU.Build.0 = Release|Any CPU
        {8AAFAC45-EAE7-4E1E-9D49-36F77E4470B0}.Debug|Any CPU.ActiveCfg = Debug|Any CPU
        {8AAFAC45-EAE7-4E1E-9D49-36F77E4470B0}.Debug|Any CPU.Build.0 = Debug|Any CPU
        {8AAFAC45-EAE7-4E1E-9D49-36F77E4470B0}.Release|Any CPU.ActiveCfg = Release|Any CPU
        {8AAFAC45-EAE7-4E1E-9D49-36F77E4470B0}.Release|Any CPU.Build.0 = Release|Any CPU
        {17764AFE-10FE-489C-AEFA-7DF32050FDA2}.Debug|Any CPU.ActiveCfg = Debug|Any CPU
        {17764AFE-10FE-489C-AEFA-7DF32050FDA2}.Debug|Any CPU.Build.0 = Debug|Any CPU
        {17764AFE-10FE-489C-AEFA-7DF32050FDA2}.Release|Any CPU.ActiveCfg = Release|Any CPU
        {17764AFE-10FE-489C-AEFA-7DF32050FDA2}.Release|Any CPU.Build.0 = Release|Any CPU
    EndGlobalSection
    GlobalSection(SolutionProperties) = preSolution
        HideSolutionNode = FALSE
    EndGlobalSection
EndGlobal
